
Microsoft Visual Studio Solution File, Format Version 12.00
# Visual Studio Version 16
VisualStudioVersion = 16.0.29102.190
MinimumVisualStudioVersion = 10.0.40219.1
Project("{FAE04EC0-301F-11D3-BF4B-00C04F79EFBC}") = "LactoBioticsSystem", "LactoBioticsSystem\LactoBioticsSystem.csproj", "{101425D2-0022-4F46-81DA-44CF534ADE87}"
EndProject
Global
	GlobalSection(SolutionConfigurationPlatforms) = preSolution
		Debug|Any CPU = Debug|Any CPU
		Release|Any CPU = Release|Any CPU
	EndGlobalSection
	GlobalSection(ProjectConfigurationPlatforms) = postSolution
		{101425D2-0022-4F46-81DA-44CF534ADE87}.Debug|Any CPU.ActiveCfg = Debug|Any CPU
		{101425D2-0022-4F46-81DA-44CF534ADE87}.Debug|Any CPU.Build.0 = Debug|Any CPU
		{101425D2-0022-4F46-81DA-44CF534ADE87}.Release|Any CPU.ActiveCfg = Release|Any CPU
		{101425D2-0022-4F46-81DA-44CF534ADE87}.Release|Any CPU.Build.0 = Release|Any CPU
	EndGlobalSection
	GlobalSection(SolutionProperties) = preSolution
		HideSolutionNode = FALSE
	EndGlobalSection
	GlobalSection(ExtensibilityGlobals) = postSolution
		SolutionGuid = {0C936E2B-476F-4DC3-A4CA-6CAC800507F9}
	EndGlobalSection
EndGlobal
